
Microsoft Visual Studio Solution File, Format Version 12.00
# Visual Studio Version 16
VisualStudioVersion = 16.0.30413.136
MinimumVisualStudioVersion = 10.0.40219.1
Project("{9A19103F-16F7-4668-BE54-9A1E7A4F7556}") = "SportStore.Domain", "SportStore.Domain\SportStore.Domain.csproj", "{1EFB272F-4907-44EF-B010-A21E36C51A53}"
EndProject
Project("{FAE04EC0-301F-11D3-BF4B-00C04F79EFBC}") = "SportStore.WebUI", "SportStore.WebUI\SportStore.WebUI.csproj", "{78CF3ABC-8FCA-42CE-86D5-2653BB4988FA}"
EndProject
Project("{FAE04EC0-301F-11D3-BF4B-00C04F79EFBC}") = "SportsStore.UnitTests", "SportsStore.UnitTests\SportsStore.UnitTests.csproj", "{506FA4D7-6A0D-4E1C-8B50-B22565800A77}"
EndProject
Global
	GlobalSection(SolutionConfigurationPlatforms) = preSolution
		Debug|Any CPU = Debug|Any CPU
		Release|Any CPU = Release|Any CPU
	EndGlobalSection
	GlobalSection(ProjectConfigurationPlatforms) = postSolution
		{1EFB272F-4907-44EF-B010-A21E36C51A53}.Debug|Any CPU.ActiveCfg = Debug|Any CPU
		{1EFB272F-4907-44EF-B010-A21E36C51A53}.Debug|Any CPU.Build.0 = Debug|Any CPU
		{1EFB272F-4907-44EF-B010-A21E36C51A53}.Release|Any CPU.ActiveCfg = Release|Any CPU
		{1EFB272F-4907-44EF-B010-A21E36C51A53}.Release|Any CPU.Build.0 = Release|Any CPU
		{78CF3ABC-8FCA-42CE-86D5-2653BB4988FA}.Debug|Any CPU.ActiveCfg = Debug|Any CPU
		{78CF3ABC-8FCA-42CE-86D5-2653BB4988FA}.Debug|Any CPU.Build.0 = Debug|Any CPU
		{78CF3ABC-8FCA-42CE-86D5-2653BB4988FA}.Release|Any CPU.ActiveCfg = Release|Any CPU
		{78CF3ABC-8FCA-42CE-86D5-2653BB4988FA}.Release|Any CPU.Build.0 = Release|Any CPU
		{506FA4D7-6A0D-4E1C-8B50-B22565800A77}.Debug|Any CPU.ActiveCfg = Debug|Any CPU
		{506FA4D7-6A0D-4E1C-8B50-B22565800A77}.Debug|Any CPU.Build.0 = Debug|Any CPU
		{506FA4D7-6A0D-4E1C-8B50-B22565800A77}.Release|Any CPU.ActiveCfg = Release|Any CPU
		{506FA4D7-6A0D-4E1C-8B50-B22565800A77}.Release|Any CPU.Build.0 = Release|Any CPU
	EndGlobalSection
	GlobalSection(SolutionProperties) = preSolution
		HideSolutionNode = FALSE
	EndGlobalSection
	GlobalSection(ExtensibilityGlobals) = postSolution
		SolutionGuid = {3C4F68BA-3910-4E6F-9C70-382C7AE62D9B}
	EndGlobalSection
EndGlobal
